
Microsoft Visual Studio Solution File, Format Version 12.00
# Visual Studio Version 17
VisualStudioVersion = 17.9.34714.143
MinimumVisualStudioVersion = 10.0.40219.1
Project("{FAE04EC0-301F-11D3-BF4B-00C04F79EFBC}") = "WPF_cafe_tigeeva", "WPF_cafe_tigeeva\WPF_cafe_tigeeva.csproj", "{B17E972B-C631-4A61-AF28-CD77977E4B46}"
EndProject
Global
	GlobalSection(SolutionConfigurationPlatforms) = preSolution
		Debug|Any CPU = Debug|Any CPU
		Release|Any CPU = Release|Any CPU
	EndGlobalSection
	GlobalSection(ProjectConfigurationPlatforms) = postSolution
		{B17E972B-C631-4A61-AF28-CD77977E4B46}.Debug|Any CPU.ActiveCfg = Debug|Any CPU
		{B17E972B-C631-4A61-AF28-CD77977E4B46}.Debug|Any CPU.Build.0 = Debug|Any CPU
		{B17E972B-C631-4A61-AF28-CD77977E4B46}.Release|Any CPU.ActiveCfg = Release|Any CPU
		{B17E972B-C631-4A61-AF28-CD77977E4B46}.Release|Any CPU.Build.0 = Release|Any CPU
	EndGlobalSection
	GlobalSection(SolutionProperties) = preSolution
		HideSolutionNode = FALSE
	EndGlobalSection
	GlobalSection(ExtensibilityGlobals) = postSolution
		SolutionGuid = {4D917360-A803-45BA-A216-473A2E55998D}
	EndGlobalSection
EndGlobal
